
Microsoft Visual Studio Solution File, Format Version 12.00
# Visual Studio 15
VisualStudioVersion = 15.0.26430.6
MinimumVisualStudioVersion = 10.0.40219.1
Project("{FAE04EC0-301F-11D3-BF4B-00C04F79EFBC}") = "RunJMC", "RunJMC\RunJMC.csproj", "{F0D73516-74A5-4109-9F98-DFD23E6A3640}"
EndProject
Project("{FAE04EC0-301F-11D3-BF4B-00C04F79EFBC}") = "RunJMC.Models", "RunJMC.Models\RunJMC.Models.csproj", "{37DED2DE-F17D-4A3F-B107-F4FF9E080E81}"
EndProject
Project("{FAE04EC0-301F-11D3-BF4B-00C04F79EFBC}") = "RunJMC.Data", "RunJMC.Data\RunJMC.Data.csproj", "{B0007829-63DD-4904-988E-5CE1FC280969}"
EndProject
Global
	GlobalSection(SolutionConfigurationPlatforms) = preSolution
		Debug|Any CPU = Debug|Any CPU
		Release|Any CPU = Release|Any CPU
	EndGlobalSection
	GlobalSection(ProjectConfigurationPlatforms) = postSolution
		{F0D73516-74A5-4109-9F98-DFD23E6A3640}.Debug|Any CPU.ActiveCfg = Debug|Any CPU
		{F0D73516-74A5-4109-9F98-DFD23E6A3640}.Debug|Any CPU.Build.0 = Debug|Any CPU
		{F0D73516-74A5-4109-9F98-DFD23E6A3640}.Release|Any CPU.ActiveCfg = Release|Any CPU
		{F0D73516-74A5-4109-9F98-DFD23E6A3640}.Release|Any CPU.Build.0 = Release|Any CPU
		{37DED2DE-F17D-4A3F-B107-F4FF9E080E81}.Debug|Any CPU.ActiveCfg = Debug|Any CPU
		{37DED2DE-F17D-4A3F-B107-F4FF9E080E81}.Debug|Any CPU.Build.0 = Debug|Any CPU
		{37DED2DE-F17D-4A3F-B107-F4FF9E080E81}.Release|Any CPU.ActiveCfg = Release|Any CPU
		{37DED2DE-F17D-4A3F-B107-F4FF9E080E81}.Release|Any CPU.Build.0 = Release|Any CPU
		{B0007829-63DD-4904-988E-5CE1FC280969}.Debug|Any CPU.ActiveCfg = Debug|Any CPU
		{B0007829-63DD-4904-988E-5CE1FC280969}.Debug|Any CPU.Build.0 = Debug|Any CPU
		{B0007829-63DD-4904-988E-5CE1FC280969}.Release|Any CPU.ActiveCfg = Release|Any CPU
		{B0007829-63DD-4904-988E-5CE1FC280969}.Release|Any CPU.Build.0 = Release|Any CPU
	EndGlobalSection
	GlobalSection(SolutionProperties) = preSolution
		HideSolutionNode = FALSE
	EndGlobalSection
EndGlobal
